# generated by rye
# use `rye lock` or `rye sync` to update this lockfile
#
# last locked with the following flags:
#   pre: false
#   features: []
#   all-features: false
#   with-sources: false

-e file:.
asttokens==2.4.1
    # via stack-data
blinker==1.7.0
    # via flask
boto3==1.34.55
    # via tex-annotater
botocore==1.34.55
    # via boto3
    # via s3transfer
click==8.1.7
    # via flask
decorator==5.1.1
    # via ipython
executing==2.0.1
    # via stack-data
fire==0.6.0
    # via randomname
flask==3.0.2
    # via flask-cors
    # via tex-annotater
flask-cors==4.0.0
    # via tex-annotater
ipython==8.22.2
itsdangerous==2.1.2
    # via flask
jedi==0.19.1
    # via ipython
jinja2==3.1.3
    # via flask
jmespath==1.0.1
    # via boto3
    # via botocore
markupsafe==2.1.5
    # via jinja2
    # via werkzeug
matplotlib-inline==0.1.6
    # via ipython
numpy==1.26.4
    # via pandas
pandas==2.2.1
    # via tex-annotater
parso==0.8.3
    # via jedi
pexpect==4.9.0
    # via ipython
prompt-toolkit==3.0.43
    # via ipython
ptyprocess==0.7.0
    # via pexpect
pure-eval==0.2.2
    # via stack-data
py-bcrypt==0.4
    # via tex-annotater
pygments==2.17.2
    # via ipython
python-dateutil==2.9.0.post0
    # via botocore
    # via pandas
python-dotenv==1.0.1
    # via tex-annotater
pytz==2024.1
    # via pandas
randomname==0.2.1
    # via tex-annotater
s3transfer==0.10.0
    # via boto3
six==1.16.0
    # via asttokens
    # via fire
    # via python-dateutil
stack-data==0.6.3
    # via ipython
termcolor==2.4.0
    # via fire
traitlets==5.14.2
    # via ipython
    # via matplotlib-inline
tzdata==2024.1
    # via pandas
urllib3==2.0.7
    # via botocore
wcwidth==0.2.13
    # via prompt-toolkit
werkzeug==3.0.1
    # via flask
