# generated by rye
# use `rye lock` or `rye sync` to update this lockfile
#
# last locked with the following flags:
#   pre: false
#   features: []
#   all-features: false
#   with-sources: false
#   generate-hashes: false

-e file:.
apscheduler==3.10.4
    # via tex-annotater
asttokens==2.4.1
    # via stack-data
bcrypt==4.1.2
    # via paramiko
beautifulsoup4==4.12.3
    # via gdown
black==24.3.0
blinker==1.7.0
    # via flask
boto3==1.34.55
    # via tex-annotater
botocore==1.34.55
    # via boto3
    # via s3transfer
certifi==2024.2.2
    # via requests
cffi==1.16.0
    # via cryptography
    # via pynacl
charset-normalizer==3.3.2
    # via requests
click==8.1.7
    # via black
    # via flask
cryptography==42.0.5
    # via paramiko
decorator==5.1.1
    # via ipython
epc==0.0.5
executing==2.0.1
    # via stack-data
filelock==3.13.1
    # via gdown
    # via huggingface-hub
    # via transformers
fire==0.6.0
    # via randomname
flask==3.0.2
    # via flask-cors
    # via tex-annotater
flask-cors==4.0.0
    # via tex-annotater
fsspec==2024.6.1
    # via huggingface-hub
gdown==5.1.0
    # via tex-annotater
gunicorn==21.2.0
    # via tex-annotater
huggingface-hub==0.23.4
    # via tokenizers
    # via transformers
idna==3.6
    # via requests
ipython==8.22.2
itsdangerous==2.1.2
    # via flask
jedi==0.19.1
    # via ipython
jinja2==3.1.3
    # via flask
jmespath==1.0.1
    # via boto3
    # via botocore
markupsafe==2.1.5
    # via jinja2
    # via werkzeug
matplotlib-inline==0.1.6
    # via ipython
mypy-extensions==1.0.0
    # via black
nodeenv==1.8.0
    # via pyright
numpy==1.26.4
    # via pandas
    # via transformers
orjson==3.9.15
packaging==24.0
    # via black
    # via gunicorn
    # via huggingface-hub
    # via transformers
pandas==2.2.1
    # via tex-annotater
paramiko==3.4.0
parso==0.8.3
    # via jedi
passlib==1.7.4
    # via tex-annotater
pathspec==0.12.1
    # via black
pexpect==4.9.0
    # via ipython
platformdirs==4.2.0
    # via black
prompt-toolkit==3.0.43
    # via ipython
ptyprocess==0.7.0
    # via pexpect
pure-eval==0.2.2
    # via stack-data
pycparser==2.21
    # via cffi
pygments==2.17.2
    # via ipython
pynacl==1.5.0
    # via paramiko
pyright==1.1.355
pysocks==1.7.1
    # via requests
python-dateutil==2.9.0.post0
    # via botocore
    # via pandas
python-dotenv==1.0.1
    # via tex-annotater
pytz==2024.1
    # via apscheduler
    # via pandas
pyyaml==6.0.1
    # via huggingface-hub
    # via transformers
randomname==0.2.1
    # via tex-annotater
rapidfuzz==3.6.2
    # via tex-annotater
regex==2024.5.15
    # via transformers
requests==2.31.0
    # via gdown
    # via huggingface-hub
    # via transformers
s3transfer==0.10.0
    # via boto3
safetensors==0.4.3
    # via transformers
setuptools==69.2.0
    # via nodeenv
sexpdata==1.0.2
    # via epc
six==1.16.0
    # via apscheduler
    # via asttokens
    # via fire
    # via python-dateutil
soupsieve==2.5
    # via beautifulsoup4
stack-data==0.6.3
    # via ipython
termcolor==2.4.0
    # via fire
tokenizers==0.19.1
    # via transformers
tqdm==4.66.2
    # via gdown
    # via huggingface-hub
    # via tex-annotater
    # via transformers
traitlets==5.14.2
    # via ipython
    # via matplotlib-inline
transformers==4.42.3
typing-extensions==4.12.2
    # via huggingface-hub
tzdata==2024.1
    # via pandas
tzlocal==5.2
    # via apscheduler
urllib3==2.0.7
    # via botocore
    # via requests
wcwidth==0.2.13
    # via prompt-toolkit
werkzeug==3.0.1
    # via flask
