# generated by rye
# use `rye lock` or `rye sync` to update this lockfile
#
# last locked with the following flags:
#   pre: false
#   features: []
#   all-features: false
#   with-sources: false

-e file:.
blinker==1.7.0
    # via flask
boto3==1.34.55
    # via tex-annotater
botocore==1.34.55
    # via boto3
    # via s3transfer
click==8.1.7
    # via flask
fire==0.6.0
    # via randomname
flask==3.0.2
    # via flask-cors
    # via tex-annotater
flask-cors==4.0.0
    # via tex-annotater
itsdangerous==2.1.2
    # via flask
jinja2==3.1.3
    # via flask
jmespath==1.0.1
    # via boto3
    # via botocore
markupsafe==2.1.5
    # via jinja2
    # via werkzeug
numpy==1.26.4
    # via pandas
pandas==2.2.1
    # via tex-annotater
py-bcrypt==0.4
    # via tex-annotater
python-dateutil==2.9.0.post0
    # via botocore
    # via pandas
python-dotenv==1.0.1
    # via tex-annotater
pytz==2024.1
    # via pandas
randomname==0.2.1
    # via tex-annotater
s3transfer==0.10.0
    # via boto3
six==1.16.0
    # via fire
    # via python-dateutil
termcolor==2.4.0
    # via fire
tzdata==2024.1
    # via pandas
urllib3==2.0.7
    # via botocore
werkzeug==3.0.1
    # via flask
